
Microsoft Visual Studio Solution File, Format Version 12.00
# Visual Studio Version 17
VisualStudioVersion = 17.11.35431.28
MinimumVisualStudioVersion = 10.0.40219.1
Project("{FAE04EC0-301F-11D3-BF4B-00C04F79EFBC}") = "dziennik", "dziennik\dziennik.csproj", "{F540E494-7124-4EAD-828C-8E9A31551106}"
EndProject
Global
	GlobalSection(SolutionConfigurationPlatforms) = preSolution
		Debug|Any CPU = Debug|Any CPU
		Release|Any CPU = Release|Any CPU
	EndGlobalSection
	GlobalSection(ProjectConfigurationPlatforms) = postSolution
		{F540E494-7124-4EAD-828C-8E9A31551106}.Debug|Any CPU.ActiveCfg = Debug|Any CPU
		{F540E494-7124-4EAD-828C-8E9A31551106}.Debug|Any CPU.Build.0 = Debug|Any CPU
		{F540E494-7124-4EAD-828C-8E9A31551106}.Release|Any CPU.ActiveCfg = Release|Any CPU
		{F540E494-7124-4EAD-828C-8E9A31551106}.Release|Any CPU.Build.0 = Release|Any CPU
	EndGlobalSection
	GlobalSection(SolutionProperties) = preSolution
		HideSolutionNode = FALSE
	EndGlobalSection
	GlobalSection(ExtensibilityGlobals) = postSolution
		SolutionGuid = {3F4BBA77-DC0E-4046-A6A1-DB1E5F10A64C}
	EndGlobalSection
EndGlobal
